
Microsoft Visual Studio Solution File, Format Version 12.00
# Visual Studio Version 16
VisualStudioVersion = 16.0.31424.327
MinimumVisualStudioVersion = 10.0.40219.1
Project("{9A19103F-16F7-4668-BE54-9A1E7A4F7556}") = "Github-CI-CD", "Github-CI-CD.csproj", "{A63180BE-31B3-41CA-971C-12BF3F8FA6E5}"
EndProject
Project("{FAE04EC0-301F-11D3-BF4B-00C04F79EFBC}") = "Test2", "..\Test2\Test2.csproj", "{0AD3AC6F-4B11-4757-80B3-EF82ACCA757E}"
EndProject
Global
	GlobalSection(SolutionConfigurationPlatforms) = preSolution
		Debug|Any CPU = Debug|Any CPU
		Release|Any CPU = Release|Any CPU
	EndGlobalSection
	GlobalSection(ProjectConfigurationPlatforms) = postSolution
		{A63180BE-31B3-41CA-971C-12BF3F8FA6E5}.Debug|Any CPU.ActiveCfg = Debug|Any CPU
		{A63180BE-31B3-41CA-971C-12BF3F8FA6E5}.Debug|Any CPU.Build.0 = Debug|Any CPU
		{A63180BE-31B3-41CA-971C-12BF3F8FA6E5}.Release|Any CPU.ActiveCfg = Release|Any CPU
		{A63180BE-31B3-41CA-971C-12BF3F8FA6E5}.Release|Any CPU.Build.0 = Release|Any CPU
		{0AD3AC6F-4B11-4757-80B3-EF82ACCA757E}.Debug|Any CPU.ActiveCfg = Debug|Any CPU
		{0AD3AC6F-4B11-4757-80B3-EF82ACCA757E}.Debug|Any CPU.Build.0 = Debug|Any CPU
		{0AD3AC6F-4B11-4757-80B3-EF82ACCA757E}.Release|Any CPU.ActiveCfg = Release|Any CPU
		{0AD3AC6F-4B11-4757-80B3-EF82ACCA757E}.Release|Any CPU.Build.0 = Release|Any CPU
	EndGlobalSection
	GlobalSection(SolutionProperties) = preSolution
		HideSolutionNode = FALSE
	EndGlobalSection
	GlobalSection(ExtensibilityGlobals) = postSolution
		SolutionGuid = {45400696-3ACB-4EF3-BCC1-98C07D942D09}
	EndGlobalSection
EndGlobal
